
Microsoft Visual Studio Solution File, Format Version 12.00
# Visual Studio Version 17
VisualStudioVersion = 17.8.34330.188
MinimumVisualStudioVersion = 10.0.40219.1
Project("{FAE04EC0-301F-11D3-BF4B-00C04F79EFBC}") = "lisakovydobroty.Server", "lisakovydobroty.Server\lisakovydobroty.Server.csproj", "{BE7A113E-30FA-4F98-A3AB-ECE001E66B1D}"
EndProject
Project("{54A90642-561A-4BB1-A94E-469ADEE60C69}") = "lisakovydobroty.client", "lisakovydobroty.client\lisakovydobroty.client.esproj", "{D3A12979-8B8C-4DCC-B48F-60C60583FB98}"
EndProject
Global
	GlobalSection(SolutionConfigurationPlatforms) = preSolution
		Debug|Any CPU = Debug|Any CPU
		Release|Any CPU = Release|Any CPU
	EndGlobalSection
	GlobalSection(ProjectConfigurationPlatforms) = postSolution
		{BE7A113E-30FA-4F98-A3AB-ECE001E66B1D}.Debug|Any CPU.ActiveCfg = Debug|Any CPU
		{BE7A113E-30FA-4F98-A3AB-ECE001E66B1D}.Debug|Any CPU.Build.0 = Debug|Any CPU
		{BE7A113E-30FA-4F98-A3AB-ECE001E66B1D}.Release|Any CPU.ActiveCfg = Release|Any CPU
		{BE7A113E-30FA-4F98-A3AB-ECE001E66B1D}.Release|Any CPU.Build.0 = Release|Any CPU
		{D3A12979-8B8C-4DCC-B48F-60C60583FB98}.Debug|Any CPU.ActiveCfg = Debug|Any CPU
		{D3A12979-8B8C-4DCC-B48F-60C60583FB98}.Debug|Any CPU.Build.0 = Debug|Any CPU
		{D3A12979-8B8C-4DCC-B48F-60C60583FB98}.Debug|Any CPU.Deploy.0 = Debug|Any CPU
		{D3A12979-8B8C-4DCC-B48F-60C60583FB98}.Release|Any CPU.ActiveCfg = Release|Any CPU
		{D3A12979-8B8C-4DCC-B48F-60C60583FB98}.Release|Any CPU.Build.0 = Release|Any CPU
		{D3A12979-8B8C-4DCC-B48F-60C60583FB98}.Release|Any CPU.Deploy.0 = Release|Any CPU
	EndGlobalSection
	GlobalSection(SolutionProperties) = preSolution
		HideSolutionNode = FALSE
	EndGlobalSection
	GlobalSection(ExtensibilityGlobals) = postSolution
		SolutionGuid = {539A832A-D55E-4326-862A-F5D185CEB674}
	EndGlobalSection
EndGlobal
